
Microsoft Visual Studio Solution File, Format Version 12.00
# Visual Studio Version 16
VisualStudioVersion = 16.0.31019.35
MinimumVisualStudioVersion = 10.0.40219.1
Project("{9A19103F-16F7-4668-BE54-9A1E7A4F7556}") = "NUnitTest", "NUnitTest\NUnitTest.csproj", "{74150632-FDD8-4CF0-83F7-CE455921394C}"
EndProject
Project("{FAE04EC0-301F-11D3-BF4B-00C04F79EFBC}") = "NUnitTestTests", "NUnitTestTests\NUnitTestTests.csproj", "{073A18BB-A2F7-4F10-BD31-F32783842E0C}"
EndProject
Global
	GlobalSection(SolutionConfigurationPlatforms) = preSolution
		Debug|Any CPU = Debug|Any CPU
		Release|Any CPU = Release|Any CPU
	EndGlobalSection
	GlobalSection(ProjectConfigurationPlatforms) = postSolution
		{74150632-FDD8-4CF0-83F7-CE455921394C}.Debug|Any CPU.ActiveCfg = Debug|Any CPU
		{74150632-FDD8-4CF0-83F7-CE455921394C}.Debug|Any CPU.Build.0 = Debug|Any CPU
		{74150632-FDD8-4CF0-83F7-CE455921394C}.Release|Any CPU.ActiveCfg = Release|Any CPU
		{74150632-FDD8-4CF0-83F7-CE455921394C}.Release|Any CPU.Build.0 = Release|Any CPU
		{073A18BB-A2F7-4F10-BD31-F32783842E0C}.Debug|Any CPU.ActiveCfg = Debug|Any CPU
		{073A18BB-A2F7-4F10-BD31-F32783842E0C}.Debug|Any CPU.Build.0 = Debug|Any CPU
		{073A18BB-A2F7-4F10-BD31-F32783842E0C}.Release|Any CPU.ActiveCfg = Release|Any CPU
		{073A18BB-A2F7-4F10-BD31-F32783842E0C}.Release|Any CPU.Build.0 = Release|Any CPU
	EndGlobalSection
	GlobalSection(SolutionProperties) = preSolution
		HideSolutionNode = FALSE
	EndGlobalSection
	GlobalSection(ExtensibilityGlobals) = postSolution
		SolutionGuid = {6FD1B0F5-0327-4652-9CC1-5339BF2F8C35}
	EndGlobalSection
EndGlobal
